// !$*UTF8*$!
{
	archiveVersion = 1;
	classes = {
	};
	objectVersion = 56;
	objects = {

/* Begin PBXBuildFile section */
		5C4530F42AA05ACD00C7FD49 /* ChooseClothesView.swift in Sources */ = {isa = PBXBuildFile; fileRef = 5C4530F32AA05ACD00C7FD49 /* ChooseClothesView.swift */; };
		5C4530F82AA05AFD00C7FD49 /* FileManager+Extensions.swift in Sources */ = {isa = PBXBuildFile; fileRef = 5C4530F72AA05AFD00C7FD49 /* FileManager+Extensions.swift */; };
		5C4530F92AA05AFD00C7FD49 /* UIimage+Extension.swift in Sources */ = {isa = PBXBuildFile; fileRef = 5C4530F62AA05AFD00C7FD49 /* UIimage+Extension.swift */; };
		5C4530FD2AA05B3400C7FD49 /* Picker.swift in Sources */ = {isa = PBXBuildFile; fileRef = 5C4530FC2AA05B3400C7FD49 /* Picker.swift */; };
		5C4531002AA05B6000C7FD49 /* ComparingClothesViewModel.swift in Sources */ = {isa = PBXBuildFile; fileRef = 5C4530FF2AA05B6000C7FD49 /* ComparingClothesViewModel.swift */; };
		5C4531042AA05BC000C7FD49 /* ImagePicker.swift in Sources */ = {isa = PBXBuildFile; fileRef = 5C4531032AA05BC000C7FD49 /* ImagePicker.swift */; };
		5C4531052AA05BC000C7FD49 /* ZoomableScrollView.swift in Sources */ = {isa = PBXBuildFile; fileRef = 5C4531022AA05BC000C7FD49 /* ZoomableScrollView.swift */; };
		5C4531082AA05E8300C7FD49 /* AnimalCalssifier.mlmodel in Sources */ = {isa = PBXBuildFile; fileRef = 5C4531072AA05E8300C7FD49 /* AnimalCalssifier.mlmodel */; };
		5C45310A2AA05E9200C7FD49 /* ClothesIdentifier.mlmodel in Sources */ = {isa = PBXBuildFile; fileRef = 5C4531092AA05E9200C7FD49 /* ClothesIdentifier.mlmodel */; };
		5C6ABFE32A9DBD1100B2E3D7 /* ComparingAppApp.swift in Sources */ = {isa = PBXBuildFile; fileRef = 5C6ABFE22A9DBD1100B2E3D7 /* ComparingAppApp.swift */; };
		5C6ABFE52A9DBD1100B2E3D7 /* ContentView.swift in Sources */ = {isa = PBXBuildFile; fileRef = 5C6ABFE42A9DBD1100B2E3D7 /* ContentView.swift */; };
		5C6ABFE72A9DBD1400B2E3D7 /* Assets.xcassets in Resources */ = {isa = PBXBuildFile; fileRef = 5C6ABFE62A9DBD1400B2E3D7 /* Assets.xcassets */; };
		5C6ABFEA2A9DBD1400B2E3D7 /* Preview Assets.xcassets in Resources */ = {isa = PBXBuildFile; fileRef = 5C6ABFE92A9DBD1400B2E3D7 /* Preview Assets.xcassets */; };
		5C6ABFF42A9DBD1400B2E3D7 /* ComparingAppTests.swift in Sources */ = {isa = PBXBuildFile; fileRef = 5C6ABFF32A9DBD1400B2E3D7 /* ComparingAppTests.swift */; };
		5C6ABFFE2A9DBD1400B2E3D7 /* ComparingAppUITests.swift in Sources */ = {isa = PBXBuildFile; fileRef = 5C6ABFFD2A9DBD1400B2E3D7 /* ComparingAppUITests.swift */; };
		5C6AC0002A9DBD1400B2E3D7 /* ComparingAppUITestsLaunchTests.swift in Sources */ = {isa = PBXBuildFile; fileRef = 5C6ABFFF2A9DBD1400B2E3D7 /* ComparingAppUITestsLaunchTests.swift */; };
/* End PBXBuildFile section */

/* Begin PBXContainerItemProxy section */
		5C6ABFF02A9DBD1400B2E3D7 /* PBXContainerItemProxy */ = {
			isa = PBXContainerItemProxy;
			containerPortal = 5C6ABFD72A9DBD1000B2E3D7 /* Project object */;
			proxyType = 1;
			remoteGlobalIDString = 5C6ABFDE2A9DBD1100B2E3D7;
			remoteInfo = ComparingApp;
		};
		5C6ABFFA2A9DBD1400B2E3D7 /* PBXContainerItemProxy */ = {
			isa = PBXContainerItemProxy;
			containerPortal = 5C6ABFD72A9DBD1000B2E3D7 /* Project object */;
			proxyType = 1;
			remoteGlobalIDString = 5C6ABFDE2A9DBD1100B2E3D7;
			remoteInfo = ComparingApp;
		};
/* End PBXContainerItemProxy section */

/* Begin PBXFileReference section */
		5C4530F32AA05ACD00C7FD49 /* ChooseClothesView.swift */ = {isa = PBXFileReference; lastKnownFileType = sourcecode.swift; path = ChooseClothesView.swift; sourceTree = "<group>"; };
		5C4530F62AA05AFD00C7FD49 /* UIimage+Extension.swift */ = {isa = PBXFileReference; lastKnownFileType = sourcecode.swift; path = "UIimage+Extension.swift"; sourceTree = "<group>"; };
		5C4530F72AA05AFD00C7FD49 /* FileManager+Extensions.swift */ = {isa = PBXFileReference; lastKnownFileType = sourcecode.swift; path = "FileManager+Extensions.swift"; sourceTree = "<group>"; };
		5C4530FC2AA05B3400C7FD49 /* Picker.swift */ = {isa = PBXFileReference; lastKnownFileType = sourcecode.swift; path = Picker.swift; sourceTree = "<group>"; };
		5C4530FF2AA05B6000C7FD49 /* ComparingClothesViewModel.swift */ = {isa = PBXFileReference; lastKnownFileType = sourcecode.swift; path = ComparingClothesViewModel.swift; sourceTree = "<group>"; };
		5C4531022AA05BC000C7FD49 /* ZoomableScrollView.swift */ = {isa = PBXFileReference; lastKnownFileType = sourcecode.swift; path = ZoomableScrollView.swift; sourceTree = "<group>"; };
		5C4531032AA05BC000C7FD49 /* ImagePicker.swift */ = {isa = PBXFileReference; lastKnownFileType = sourcecode.swift; path = ImagePicker.swift; sourceTree = "<group>"; };
		5C4531072AA05E8300C7FD49 /* AnimalCalssifier.mlmodel */ = {isa = PBXFileReference; lastKnownFileType = file.mlmodel; path = AnimalCalssifier.mlmodel; sourceTree = "<group>"; };
		5C4531092AA05E9200C7FD49 /* ClothesIdentifier.mlmodel */ = {isa = PBXFileReference; lastKnownFileType = file.mlmodel; path = ClothesIdentifier.mlmodel; sourceTree = "<group>"; };
		5C6ABFDF2A9DBD1100B2E3D7 /* ComparingApp.app */ = {isa = PBXFileReference; explicitFileType = wrapper.application; includeInIndex = 0; path = ComparingApp.app; sourceTree = BUILT_PRODUCTS_DIR; };
		5C6ABFE22A9DBD1100B2E3D7 /* ComparingAppApp.swift */ = {isa = PBXFileReference; lastKnownFileType = sourcecode.swift; path = ComparingAppApp.swift; sourceTree = "<group>"; };
		5C6ABFE42A9DBD1100B2E3D7 /* ContentView.swift */ = {isa = PBXFileReference; lastKnownFileType = sourcecode.swift; path = ContentView.swift; sourceTree = "<group>"; };
		5C6ABFE62A9DBD1400B2E3D7 /* Assets.xcassets */ = {isa = PBXFileReference; lastKnownFileType = folder.assetcatalog; path = Assets.xcassets; sourceTree = "<group>"; };
		5C6ABFE92A9DBD1400B2E3D7 /* Preview Assets.xcassets */ = {isa = PBXFileReference; lastKnownFileType = folder.assetcatalog; path = "Preview Assets.xcassets"; sourceTree = "<group>"; };
		5C6ABFEF2A9DBD1400B2E3D7 /* ComparingAppTests.xctest */ = {isa = PBXFileReference; explicitFileType = wrapper.cfbundle; includeInIndex = 0; path = ComparingAppTests.xctest; sourceTree = BUILT_PRODUCTS_DIR; };
		5C6ABFF32A9DBD1400B2E3D7 /* ComparingAppTests.swift */ = {isa = PBXFileReference; lastKnownFileType = sourcecode.swift; path = ComparingAppTests.swift; sourceTree = "<group>"; };
		5C6ABFF92A9DBD1400B2E3D7 /* ComparingAppUITests.xctest */ = {isa = PBXFileReference; explicitFileType = wrapper.cfbundle; includeInIndex = 0; path = ComparingAppUITests.xctest; sourceTree = BUILT_PRODUCTS_DIR; };
		5C6ABFFD2A9DBD1400B2E3D7 /* ComparingAppUITests.swift */ = {isa = PBXFileReference; lastKnownFileType = sourcecode.swift; path = ComparingAppUITests.swift; sourceTree = "<group>"; };
		5C6ABFFF2A9DBD1400B2E3D7 /* ComparingAppUITestsLaunchTests.swift */ = {isa = PBXFileReference; lastKnownFileType = sourcecode.swift; path = ComparingAppUITestsLaunchTests.swift; sourceTree = "<group>"; };
/* End PBXFileReference section */

/* Begin PBXFrameworksBuildPhase section */
		5C6ABFDC2A9DBD1100B2E3D7 /* Frameworks */ = {
			isa = PBXFrameworksBuildPhase;
			buildActionMask = 2147483647;
			files = (
			);
			runOnlyForDeploymentPostprocessing = 0;
		};
		5C6ABFEC2A9DBD1400B2E3D7 /* Frameworks */ = {
			isa = PBXFrameworksBuildPhase;
			buildActionMask = 2147483647;
			files = (
			);
			runOnlyForDeploymentPostprocessing = 0;
		};
		5C6ABFF62A9DBD1400B2E3D7 /* Frameworks */ = {
			isa = PBXFrameworksBuildPhase;
			buildActionMask = 2147483647;
			files = (
			);
			runOnlyForDeploymentPostprocessing = 0;
		};
/* End PBXFrameworksBuildPhase section */

/* Begin PBXGroup section */
		5C4530F52AA05AEE00C7FD49 /* Views */ = {
			isa = PBXGroup;
			children = (
				5C6ABFE42A9DBD1100B2E3D7 /* ContentView.swift */,
				5C4530F32AA05ACD00C7FD49 /* ChooseClothesView.swift */,
			);
			path = Views;
			sourceTree = "<group>";
		};
		5C4530FA2AA05B1000C7FD49 /* Extensions */ = {
			isa = PBXGroup;
			children = (
				5C4530F72AA05AFD00C7FD49 /* FileManager+Extensions.swift */,
				5C4530F62AA05AFD00C7FD49 /* UIimage+Extension.swift */,
				5C4531062AA05BCD00C7FD49 /* UIViewRepresentables */,
			);
			path = Extensions;
			sourceTree = "<group>";
		};
		5C4530FE2AA05B4500C7FD49 /* Models */ = {
			isa = PBXGroup;
			children = (
				5C4531072AA05E8300C7FD49 /* AnimalCalssifier.mlmodel */,
				5C4531092AA05E9200C7FD49 /* ClothesIdentifier.mlmodel */,
				5C4530FC2AA05B3400C7FD49 /* Picker.swift */,
			);
			path = Models;
			sourceTree = "<group>";
		};
		5C4531012AA05B8500C7FD49 /* ViewModels */ = {
			isa = PBXGroup;
			children = (
				5C4530FF2AA05B6000C7FD49 /* ComparingClothesViewModel.swift */,
			);
			path = ViewModels;
			sourceTree = "<group>";
		};
		5C4531062AA05BCD00C7FD49 /* UIViewRepresentables */ = {
			isa = PBXGroup;
			children = (
				5C4531032AA05BC000C7FD49 /* ImagePicker.swift */,
				5C4531022AA05BC000C7FD49 /* ZoomableScrollView.swift */,
			);
			path = UIViewRepresentables;
			sourceTree = "<group>";
		};
		5C6ABFD62A9DBD1000B2E3D7 = {
			isa = PBXGroup;
			children = (
				5C6ABFE12A9DBD1100B2E3D7 /* ComparingApp */,
				5C6ABFF22A9DBD1400B2E3D7 /* ComparingAppTests */,
				5C6ABFFC2A9DBD1400B2E3D7 /* ComparingAppUITests */,
				5C6ABFE02A9DBD1100B2E3D7 /* Products */,
			);
			sourceTree = "<group>";
		};
		5C6ABFE02A9DBD1100B2E3D7 /* Products */ = {
			isa = PBXGroup;
			children = (
				5C6ABFDF2A9DBD1100B2E3D7 /* ComparingApp.app */,
				5C6ABFEF2A9DBD1400B2E3D7 /* ComparingAppTests.xctest */,
				5C6ABFF92A9DBD1400B2E3D7 /* ComparingAppUITests.xctest */,
			);
			name = Products;
			sourceTree = "<group>";
		};
		5C6ABFE12A9DBD1100B2E3D7 /* ComparingApp */ = {
			isa = PBXGroup;
			children = (
				5C6ABFE22A9DBD1100B2E3D7 /* ComparingAppApp.swift */,
				5C4530F52AA05AEE00C7FD49 /* Views */,
				5C4531012AA05B8500C7FD49 /* ViewModels */,
				5C4530FE2AA05B4500C7FD49 /* Models */,
				5C4530FA2AA05B1000C7FD49 /* Extensions */,
				5C6ABFE62A9DBD1400B2E3D7 /* Assets.xcassets */,
				5C6ABFE82A9DBD1400B2E3D7 /* Preview Content */,
			);
			path = ComparingApp;
			sourceTree = "<group>";
		};
		5C6ABFE82A9DBD1400B2E3D7 /* Preview Content */ = {
			isa = PBXGroup;
			children = (
				5C6ABFE92A9DBD1400B2E3D7 /* Preview Assets.xcassets */,
			);
			path = "Preview Content";
			sourceTree = "<group>";
		};
		5C6ABFF22A9DBD1400B2E3D7 /* ComparingAppTests */ = {
			isa = PBXGroup;
			children = (
				5C6ABFF32A9DBD1400B2E3D7 /* ComparingAppTests.swift */,
			);
			path = ComparingAppTests;
			sourceTree = "<group>";
		};
		5C6ABFFC2A9DBD1400B2E3D7 /* ComparingAppUITests */ = {
			isa = PBXGroup;
			children = (
				5C6ABFFD2A9DBD1400B2E3D7 /* ComparingAppUITests.swift */,
				5C6ABFFF2A9DBD1400B2E3D7 /* ComparingAppUITestsLaunchTests.swift */,
			);
			path = ComparingAppUITests;
			sourceTree = "<group>";
		};
/* End PBXGroup section */

/* Begin PBXNativeTarget section */
		5C6ABFDE2A9DBD1100B2E3D7 /* ComparingApp */ = {
			isa = PBXNativeTarget;
			buildConfigurationList = 5C6AC0032A9DBD1400B2E3D7 /* Build configuration list for PBXNativeTarget "ComparingApp" */;
			buildPhases = (
				5C6ABFDB2A9DBD1100B2E3D7 /* Sources */,
				5C6ABFDC2A9DBD1100B2E3D7 /* Frameworks */,
				5C6ABFDD2A9DBD1100B2E3D7 /* Resources */,
			);
			buildRules = (
			);
			dependencies = (
			);
			name = ComparingApp;
			productName = ComparingApp;
			productReference = 5C6ABFDF2A9DBD1100B2E3D7 /* ComparingApp.app */;
			productType = "com.apple.product-type.application";
		};
		5C6ABFEE2A9DBD1400B2E3D7 /* ComparingAppTests */ = {
			isa = PBXNativeTarget;
			buildConfigurationList = 5C6AC0062A9DBD1400B2E3D7 /* Build configuration list for PBXNativeTarget "ComparingAppTests" */;
			buildPhases = (
				5C6ABFEB2A9DBD1400B2E3D7 /* Sources */,
				5C6ABFEC2A9DBD1400B2E3D7 /* Frameworks */,
				5C6ABFED2A9DBD1400B2E3D7 /* Resources */,
			);
			buildRules = (
			);
			dependencies = (
				5C6ABFF12A9DBD1400B2E3D7 /* PBXTargetDependency */,
			);
			name = ComparingAppTests;
			productName = ComparingAppTests;
			productReference = 5C6ABFEF2A9DBD1400B2E3D7 /* ComparingAppTests.xctest */;
			productType = "com.apple.product-type.bundle.unit-test";
		};
		5C6ABFF82A9DBD1400B2E3D7 /* ComparingAppUITests */ = {
			isa = PBXNativeTarget;
			buildConfigurationList = 5C6AC0092A9DBD1400B2E3D7 /* Build configuration list for PBXNativeTarget "ComparingAppUITests" */;
			buildPhases = (
				5C6ABFF52A9DBD1400B2E3D7 /* Sources */,
				5C6ABFF62A9DBD1400B2E3D7 /* Frameworks */,
				5C6ABFF72A9DBD1400B2E3D7 /* Resources */,
			);
			buildRules = (
			);
			dependencies = (
				5C6ABFFB2A9DBD1400B2E3D7 /* PBXTargetDependency */,
			);
			name = ComparingAppUITests;
			productName = ComparingAppUITests;
			productReference = 5C6ABFF92A9DBD1400B2E3D7 /* ComparingAppUITests.xctest */;
			productType = "com.apple.product-type.bundle.ui-testing";
		};
/* End PBXNativeTarget section */

/* Begin PBXProject section */
		5C6ABFD72A9DBD1000B2E3D7 /* Project object */ = {
			isa = PBXProject;
			attributes = {
				BuildIndependentTargetsInParallel = 1;
				LastSwiftUpdateCheck = 1430;
				LastUpgradeCheck = 1430;
				TargetAttributes = {
					5C6ABFDE2A9DBD1100B2E3D7 = {
						CreatedOnToolsVersion = 14.3;
					};
					5C6ABFEE2A9DBD1400B2E3D7 = {
						CreatedOnToolsVersion = 14.3;
						TestTargetID = 5C6ABFDE2A9DBD1100B2E3D7;
					};
					5C6ABFF82A9DBD1400B2E3D7 = {
						CreatedOnToolsVersion = 14.3;
						TestTargetID = 5C6ABFDE2A9DBD1100B2E3D7;
					};
				};
			};
			buildConfigurationList = 5C6ABFDA2A9DBD1000B2E3D7 /* Build configuration list for PBXProject "ComparingApp" */;
			compatibilityVersion = "Xcode 14.0";
			developmentRegion = en;
			hasScannedForEncodings = 0;
			knownRegions = (
				en,
				Base,
			);
			mainGroup = 5C6ABFD62A9DBD1000B2E3D7;
			productRefGroup = 5C6ABFE02A9DBD1100B2E3D7 /* Products */;
			projectDirPath = "";
			projectRoot = "";
			targets = (
				5C6ABFDE2A9DBD1100B2E3D7 /* ComparingApp */,
				5C6ABFEE2A9DBD1400B2E3D7 /* ComparingAppTests */,
				5C6ABFF82A9DBD1400B2E3D7 /* ComparingAppUITests */,
			);
		};
/* End PBXProject section */

/* Begin PBXResourcesBuildPhase section */
		5C6ABFDD2A9DBD1100B2E3D7 /* Resources */ = {
			isa = PBXResourcesBuildPhase;
			buildActionMask = 2147483647;
			files = (
				5C6ABFEA2A9DBD1400B2E3D7 /* Preview Assets.xcassets in Resources */,
				5C6ABFE72A9DBD1400B2E3D7 /* Assets.xcassets in Resources */,
			);
			runOnlyForDeploymentPostprocessing = 0;
		};
		5C6ABFED2A9DBD1400B2E3D7 /* Resources */ = {
			isa = PBXResourcesBuildPhase;
			buildActionMask = 2147483647;
			files = (
			);
			runOnlyForDeploymentPostprocessing = 0;
		};
		5C6ABFF72A9DBD1400B2E3D7 /* Resources */ = {
			isa = PBXResourcesBuildPhase;
			buildActionMask = 2147483647;
			files = (
			);
			runOnlyForDeploymentPostprocessing = 0;
		};
/* End PBXResourcesBuildPhase section */

/* Begin PBXSourcesBuildPhase section */
		5C6ABFDB2A9DBD1100B2E3D7 /* Sources */ = {
			isa = PBXSourcesBuildPhase;
			buildActionMask = 2147483647;
			files = (
				5C4531052AA05BC000C7FD49 /* ZoomableScrollView.swift in Sources */,
				5C6ABFE52A9DBD1100B2E3D7 /* ContentView.swift in Sources */,
				5C4530F92AA05AFD00C7FD49 /* UIimage+Extension.swift in Sources */,
				5C4531082AA05E8300C7FD49 /* AnimalCalssifier.mlmodel in Sources */,
				5C4531002AA05B6000C7FD49 /* ComparingClothesViewModel.swift in Sources */,
				5C4531042AA05BC000C7FD49 /* ImagePicker.swift in Sources */,
				5C6ABFE32A9DBD1100B2E3D7 /* ComparingAppApp.swift in Sources */,
				5C4530F42AA05ACD00C7FD49 /* ChooseClothesView.swift in Sources */,
				5C4530FD2AA05B3400C7FD49 /* Picker.swift in Sources */,
				5C45310A2AA05E9200C7FD49 /* ClothesIdentifier.mlmodel in Sources */,
				5C4530F82AA05AFD00C7FD49 /* FileManager+Extensions.swift in Sources */,
			);
			runOnlyForDeploymentPostprocessing = 0;
		};
		5C6ABFEB2A9DBD1400B2E3D7 /* Sources */ = {
			isa = PBXSourcesBuildPhase;
			buildActionMask = 2147483647;
			files = (
				5C6ABFF42A9DBD1400B2E3D7 /* ComparingAppTests.swift in Sources */,
			);
			runOnlyForDeploymentPostprocessing = 0;
		};
		5C6ABFF52A9DBD1400B2E3D7 /* Sources */ = {
			isa = PBXSourcesBuildPhase;
			buildActionMask = 2147483647;
			files = (
				5C6ABFFE2A9DBD1400B2E3D7 /* ComparingAppUITests.swift in Sources */,
				5C6AC0002A9DBD1400B2E3D7 /* ComparingAppUITestsLaunchTests.swift in Sources */,
			);
			runOnlyForDeploymentPostprocessing = 0;
		};
/* End PBXSourcesBuildPhase section */

/* Begin PBXTargetDependency section */
		5C6ABFF12A9DBD1400B2E3D7 /* PBXTargetDependency */ = {
			isa = PBXTargetDependency;
			target = 5C6ABFDE2A9DBD1100B2E3D7 /* ComparingApp */;
			targetProxy = 5C6ABFF02A9DBD1400B2E3D7 /* PBXContainerItemProxy */;
		};
		5C6ABFFB2A9DBD1400B2E3D7 /* PBXTargetDependency */ = {
			isa = PBXTargetDependency;
			target = 5C6ABFDE2A9DBD1100B2E3D7 /* ComparingApp */;
			targetProxy = 5C6ABFFA2A9DBD1400B2E3D7 /* PBXContainerItemProxy */;
		};
/* End PBXTargetDependency section */

/* Begin XCBuildConfiguration section */
		5C6AC0012A9DBD1400B2E3D7 /* Debug */ = {
			isa = XCBuildConfiguration;
			buildSettings = {
				ALWAYS_SEARCH_USER_PATHS = NO;
				CLANG_ANALYZER_NONNULL = YES;
				CLANG_ANALYZER_NUMBER_OBJECT_CONVERSION = YES_AGGRESSIVE;
				CLANG_CXX_LANGUAGE_STANDARD = "gnu++20";
				CLANG_ENABLE_MODULES = YES;
				CLANG_ENABLE_OBJC_ARC = YES;
				CLANG_ENABLE_OBJC_WEAK = YES;
				CLANG_WARN_BLOCK_CAPTURE_AUTORELEASING = YES;
				CLANG_WARN_BOOL_CONVERSION = YES;
				CLANG_WARN_COMMA = YES;
				CLANG_WARN_CONSTANT_CONVERSION = YES;
				CLANG_WARN_DEPRECATED_OBJC_IMPLEMENTATIONS = YES;
				CLANG_WARN_DIRECT_OBJC_ISA_USAGE = YES_ERROR;
				CLANG_WARN_DOCUMENTATION_COMMENTS = YES;
				CLANG_WARN_EMPTY_BODY = YES;
				CLANG_WARN_ENUM_CONVERSION = YES;
				CLANG_WARN_INFINITE_RECURSION = YES;
				CLANG_WARN_INT_CONVERSION = YES;
				CLANG_WARN_NON_LITERAL_NULL_CONVERSION = YES;
				CLANG_WARN_OBJC_IMPLICIT_RETAIN_SELF = YES;
				CLANG_WARN_OBJC_LITERAL_CONVERSION = YES;
				CLANG_WARN_OBJC_ROOT_CLASS = YES_ERROR;
				CLANG_WARN_QUOTED_INCLUDE_IN_FRAMEWORK_HEADER = YES;
				CLANG_WARN_RANGE_LOOP_ANALYSIS = YES;
				CLANG_WARN_STRICT_PROTOTYPES = YES;
				CLANG_WARN_SUSPICIOUS_MOVE = YES;
				CLANG_WARN_UNGUARDED_AVAILABILITY = YES_AGGRESSIVE;
				CLANG_WARN_UNREACHABLE_CODE = YES;
				CLANG_WARN__DUPLICATE_METHOD_MATCH = YES;
				COPY_PHASE_STRIP = NO;
				DEBUG_INFORMATION_FORMAT = dwarf;
				ENABLE_STRICT_OBJC_MSGSEND = YES;
				ENABLE_TESTABILITY = YES;
				GCC_C_LANGUAGE_STANDARD = gnu11;
				GCC_DYNAMIC_NO_PIC = NO;
				GCC_NO_COMMON_BLOCKS = YES;
				GCC_OPTIMIZATION_LEVEL = 0;
				GCC_PREPROCESSOR_DEFINITIONS = (
					"DEBUG=1",
					"$(inherited)",
				);
				GCC_WARN_64_TO_32_BIT_CONVERSION = YES;
				GCC_WARN_ABOUT_RETURN_TYPE = YES_ERROR;
				GCC_WARN_UNDECLARED_SELECTOR = YES;
				GCC_WARN_UNINITIALIZED_AUTOS = YES_AGGRESSIVE;
				GCC_WARN_UNUSED_FUNCTION = YES;
				GCC_WARN_UNUSED_VARIABLE = YES;
				IPHONEOS_DEPLOYMENT_TARGET = 16.4;
				MTL_ENABLE_DEBUG_INFO = INCLUDE_SOURCE;
				MTL_FAST_MATH = YES;
				ONLY_ACTIVE_ARCH = YES;
				SDKROOT = iphoneos;
				SWIFT_ACTIVE_COMPILATION_CONDITIONS = DEBUG;
				SWIFT_OPTIMIZATION_LEVEL = "-Onone";
			};
			name = Debug;
		};
		5C6AC0022A9DBD1400B2E3D7 /* Release */ = {
			isa = XCBuildConfiguration;
			buildSettings = {
				ALWAYS_SEARCH_USER_PATHS = NO;
				CLANG_ANALYZER_NONNULL = YES;
				CLANG_ANALYZER_NUMBER_OBJECT_CONVERSION = YES_AGGRESSIVE;
				CLANG_CXX_LANGUAGE_STANDARD = "gnu++20";
				CLANG_ENABLE_MODULES = YES;
				CLANG_ENABLE_OBJC_ARC = YES;
				CLANG_ENABLE_OBJC_WEAK = YES;
				CLANG_WARN_BLOCK_CAPTURE_AUTORELEASING = YES;
				CLANG_WARN_BOOL_CONVERSION = YES;
				CLANG_WARN_COMMA = YES;
				CLANG_WARN_CONSTANT_CONVERSION = YES;
				CLANG_WARN_DEPRECATED_OBJC_IMPLEMENTATIONS = YES;
				CLANG_WARN_DIRECT_OBJC_ISA_USAGE = YES_ERROR;
				CLANG_WARN_DOCUMENTATION_COMMENTS = YES;
				CLANG_WARN_EMPTY_BODY = YES;
				CLANG_WARN_ENUM_CONVERSION = YES;
				CLANG_WARN_INFINITE_RECURSION = YES;
				CLANG_WARN_INT_CONVERSION = YES;
				CLANG_WARN_NON_LITERAL_NULL_CONVERSION = YES;
				CLANG_WARN_OBJC_IMPLICIT_RETAIN_SELF = YES;
				CLANG_WARN_OBJC_LITERAL_CONVERSION = YES;
				CLANG_WARN_OBJC_ROOT_CLASS = YES_ERROR;
				CLANG_WARN_QUOTED_INCLUDE_IN_FRAMEWORK_HEADER = YES;
				CLANG_WARN_RANGE_LOOP_ANALYSIS = YES;
				CLANG_WARN_STRICT_PROTOTYPES = YES;
				CLANG_WARN_SUSPICIOUS_MOVE = YES;
				CLANG_WARN_UNGUARDED_AVAILABILITY = YES_AGGRESSIVE;
				CLANG_WARN_UNREACHABLE_CODE = YES;
				CLANG_WARN__DUPLICATE_METHOD_MATCH = YES;
				COPY_PHASE_STRIP = NO;
				DEBUG_INFORMATION_FORMAT = "dwarf-with-dsym";
				ENABLE_NS_ASSERTIONS = NO;
				ENABLE_STRICT_OBJC_MSGSEND = YES;
				GCC_C_LANGUAGE_STANDARD = gnu11;
				GCC_NO_COMMON_BLOCKS = YES;
				GCC_WARN_64_TO_32_BIT_CONVERSION = YES;
				GCC_WARN_ABOUT_RETURN_TYPE = YES_ERROR;
				GCC_WARN_UNDECLARED_SELECTOR = YES;
				GCC_WARN_UNINITIALIZED_AUTOS = YES_AGGRESSIVE;
				GCC_WARN_UNUSED_FUNCTION = YES;
				GCC_WARN_UNUSED_VARIABLE = YES;
				IPHONEOS_DEPLOYMENT_TARGET = 16.4;
				MTL_ENABLE_DEBUG_INFO = NO;
				MTL_FAST_MATH = YES;
				SDKROOT = iphoneos;
				SWIFT_COMPILATION_MODE = wholemodule;
				SWIFT_OPTIMIZATION_LEVEL = "-O";
				VALIDATE_PRODUCT = YES;
			};
			name = Release;
		};
		5C6AC0042A9DBD1400B2E3D7 /* Debug */ = {
			isa = XCBuildConfiguration;
			buildSettings = {
				ASSETCATALOG_COMPILER_APPICON_NAME = AppIcon;
				ASSETCATALOG_COMPILER_GLOBAL_ACCENT_COLOR_NAME = AccentColor;
				CODE_SIGN_STYLE = Automatic;
				CURRENT_PROJECT_VERSION = 1;
				DEVELOPMENT_ASSET_PATHS = "\"ComparingApp/Preview Content\"";
				DEVELOPMENT_TEAM = GZ2NG9D5X5;
				ENABLE_PREVIEWS = YES;
				GENERATE_INFOPLIST_FILE = YES;
				INFOPLIST_KEY_UIApplicationSceneManifest_Generation = YES;
				INFOPLIST_KEY_UIApplicationSupportsIndirectInputEvents = YES;
				INFOPLIST_KEY_UILaunchScreen_Generation = YES;
				INFOPLIST_KEY_UISupportedInterfaceOrientations_iPad = "UIInterfaceOrientationPortrait UIInterfaceOrientationPortraitUpsideDown UIInterfaceOrientationLandscapeLeft UIInterfaceOrientationLandscapeRight";
				INFOPLIST_KEY_UISupportedInterfaceOrientations_iPhone = "UIInterfaceOrientationPortrait UIInterfaceOrientationLandscapeLeft UIInterfaceOrientationLandscapeRight";
				LD_RUNPATH_SEARCH_PATHS = (
					"$(inherited)",
					"@executable_path/Frameworks",
				);
				MARKETING_VERSION = 1.0;
				PRODUCT_BUNDLE_IDENTIFIER = com.sibu.ComparingApp;
				PRODUCT_NAME = "$(TARGET_NAME)";
				SWIFT_EMIT_LOC_STRINGS = YES;
				SWIFT_VERSION = 5.0;
				TARGETED_DEVICE_FAMILY = "1,2";
			};
			name = Debug;
		};
		5C6AC0052A9DBD1400B2E3D7 /* Release */ = {
			isa = XCBuildConfiguration;
			buildSettings = {
				ASSETCATALOG_COMPILER_APPICON_NAME = AppIcon;
				ASSETCATALOG_COMPILER_GLOBAL_ACCENT_COLOR_NAME = AccentColor;
				CODE_SIGN_STYLE = Automatic;
				CURRENT_PROJECT_VERSION = 1;
				DEVELOPMENT_ASSET_PATHS = "\"ComparingApp/Preview Content\"";
				DEVELOPMENT_TEAM = GZ2NG9D5X5;
				ENABLE_PREVIEWS = YES;
				GENERATE_INFOPLIST_FILE = YES;
				INFOPLIST_KEY_UIApplicationSceneManifest_Generation = YES;
				INFOPLIST_KEY_UIApplicationSupportsIndirectInputEvents = YES;
				INFOPLIST_KEY_UILaunchScreen_Generation = YES;
				INFOPLIST_KEY_UISupportedInterfaceOrientations_iPad = "UIInterfaceOrientationPortrait UIInterfaceOrientationPortraitUpsideDown UIInterfaceOrientationLandscapeLeft UIInterfaceOrientationLandscapeRight";
				INFOPLIST_KEY_UISupportedInterfaceOrientations_iPhone = "UIInterfaceOrientationPortrait UIInterfaceOrientationLandscapeLeft UIInterfaceOrientationLandscapeRight";
				LD_RUNPATH_SEARCH_PATHS = (
					"$(inherited)",
					"@executable_path/Frameworks",
				);
				MARKETING_VERSION = 1.0;
				PRODUCT_BUNDLE_IDENTIFIER = com.sibu.ComparingApp;
				PRODUCT_NAME = "$(TARGET_NAME)";
				SWIFT_EMIT_LOC_STRINGS = YES;
				SWIFT_VERSION = 5.0;
				TARGETED_DEVICE_FAMILY = "1,2";
			};
			name = Release;
		};
		5C6AC0072A9DBD1400B2E3D7 /* Debug */ = {
			isa = XCBuildConfiguration;
			buildSettings = {
				ALWAYS_EMBED_SWIFT_STANDARD_LIBRARIES = YES;
				BUNDLE_LOADER = "$(TEST_HOST)";
				CODE_SIGN_STYLE = Automatic;
				CURRENT_PROJECT_VERSION = 1;
				DEVELOPMENT_TEAM = GZ2NG9D5X5;
				GENERATE_INFOPLIST_FILE = YES;
				IPHONEOS_DEPLOYMENT_TARGET = 16.4;
				MARKETING_VERSION = 1.0;
				PRODUCT_BUNDLE_IDENTIFIER = com.sibu.ComparingAppTests;
				PRODUCT_NAME = "$(TARGET_NAME)";
				SWIFT_EMIT_LOC_STRINGS = NO;
				SWIFT_VERSION = 5.0;
				TARGETED_DEVICE_FAMILY = "1,2";
				TEST_HOST = "$(BUILT_PRODUCTS_DIR)/ComparingApp.app/$(BUNDLE_EXECUTABLE_FOLDER_PATH)/ComparingApp";
			};
			name = Debug;
		};
		5C6AC0082A9DBD1400B2E3D7 /* Release */ = {
			isa = XCBuildConfiguration;
			buildSettings = {
				ALWAYS_EMBED_SWIFT_STANDARD_LIBRARIES = YES;
				BUNDLE_LOADER = "$(TEST_HOST)";
				CODE_SIGN_STYLE = Automatic;
				CURRENT_PROJECT_VERSION = 1;
				DEVELOPMENT_TEAM = GZ2NG9D5X5;
				GENERATE_INFOPLIST_FILE = YES;
				IPHONEOS_DEPLOYMENT_TARGET = 16.4;
				MARKETING_VERSION = 1.0;
				PRODUCT_BUNDLE_IDENTIFIER = com.sibu.ComparingAppTests;
				PRODUCT_NAME = "$(TARGET_NAME)";
				SWIFT_EMIT_LOC_STRINGS = NO;
				SWIFT_VERSION = 5.0;
				TARGETED_DEVICE_FAMILY = "1,2";
				TEST_HOST = "$(BUILT_PRODUCTS_DIR)/ComparingApp.app/$(BUNDLE_EXECUTABLE_FOLDER_PATH)/ComparingApp";
			};
			name = Release;
		};
		5C6AC00A2A9DBD1400B2E3D7 /* Debug */ = {
			isa = XCBuildConfiguration;
			buildSettings = {
				ALWAYS_EMBED_SWIFT_STANDARD_LIBRARIES = YES;
				CODE_SIGN_STYLE = Automatic;
				CURRENT_PROJECT_VERSION = 1;
				DEVELOPMENT_TEAM = GZ2NG9D5X5;
				GENERATE_INFOPLIST_FILE = YES;
				MARKETING_VERSION = 1.0;
				PRODUCT_BUNDLE_IDENTIFIER = com.sibu.ComparingAppUITests;
				PRODUCT_NAME = "$(TARGET_NAME)";
				SWIFT_EMIT_LOC_STRINGS = NO;
				SWIFT_VERSION = 5.0;
				TARGETED_DEVICE_FAMILY = "1,2";
				TEST_TARGET_NAME = ComparingApp;
			};
			name = Debug;
		};
		5C6AC00B2A9DBD1400B2E3D7 /* Release */ = {
			isa = XCBuildConfiguration;
			buildSettings = {
				ALWAYS_EMBED_SWIFT_STANDARD_LIBRARIES = YES;
				CODE_SIGN_STYLE = Automatic;
				CURRENT_PROJECT_VERSION = 1;
				DEVELOPMENT_TEAM = GZ2NG9D5X5;
				GENERATE_INFOPLIST_FILE = YES;
				MARKETING_VERSION = 1.0;
				PRODUCT_BUNDLE_IDENTIFIER = com.sibu.ComparingAppUITests;
				PRODUCT_NAME = "$(TARGET_NAME)";
				SWIFT_EMIT_LOC_STRINGS = NO;
				SWIFT_VERSION = 5.0;
				TARGETED_DEVICE_FAMILY = "1,2";
				TEST_TARGET_NAME = ComparingApp;
			};
			name = Release;
		};
/* End XCBuildConfiguration section */

/* Begin XCConfigurationList section */
		5C6ABFDA2A9DBD1000B2E3D7 /* Build configuration list for PBXProject "ComparingApp" */ = {
			isa = XCConfigurationList;
			buildConfigurations = (
				5C6AC0012A9DBD1400B2E3D7 /* Debug */,
				5C6AC0022A9DBD1400B2E3D7 /* Release */,
			);
			defaultConfigurationIsVisible = 0;
			defaultConfigurationName = Release;
		};
		5C6AC0032A9DBD1400B2E3D7 /* Build configuration list for PBXNativeTarget "ComparingApp" */ = {
			isa = XCConfigurationList;
			buildConfigurations = (
				5C6AC0042A9DBD1400B2E3D7 /* Debug */,
				5C6AC0052A9DBD1400B2E3D7 /* Release */,
			);
			defaultConfigurationIsVisible = 0;
			defaultConfigurationName = Release;
		};
		5C6AC0062A9DBD1400B2E3D7 /* Build configuration list for PBXNativeTarget "ComparingAppTests" */ = {
			isa = XCConfigurationList;
			buildConfigurations = (
				5C6AC0072A9DBD1400B2E3D7 /* Debug */,
				5C6AC0082A9DBD1400B2E3D7 /* Release */,
			);
			defaultConfigurationIsVisible = 0;
			defaultConfigurationName = Release;
		};
		5C6AC0092A9DBD1400B2E3D7 /* Build configuration list for PBXNativeTarget "ComparingAppUITests" */ = {
			isa = XCConfigurationList;
			buildConfigurations = (
				5C6AC00A2A9DBD1400B2E3D7 /* Debug */,
				5C6AC00B2A9DBD1400B2E3D7 /* Release */,
			);
			defaultConfigurationIsVisible = 0;
			defaultConfigurationName = Release;
		};
/* End XCConfigurationList section */
	};
	rootObject = 5C6ABFD72A9DBD1000B2E3D7 /* Project object */;
}
